
Microsoft Visual Studio Solution File, Format Version 12.00
# Visual Studio Version 16
VisualStudioVersion = 16.0.29806.167
MinimumVisualStudioVersion = 10.0.40219.1
Project("{FAE04EC0-301F-11D3-BF4B-00C04F79EFBC}") = "Error Application", "Error Application.csproj", "{B4D261B7-BF55-4C26-ABFB-E68AF0A378F8}"
EndProject
Project("{FAE04EC0-301F-11D3-BF4B-00C04F79EFBC}") = "DAL", "DAL\DAL.csproj", "{3FB5DF41-8F6B-42AF-9EF5-24169A7C34D9}"
EndProject
Project("{FAE04EC0-301F-11D3-BF4B-00C04F79EFBC}") = "BLL", "BLL\BLL.csproj", "{168245B5-1461-4A9D-9CDC-34A7EAD8212E}"
EndProject
Global
	GlobalSection(SolutionConfigurationPlatforms) = preSolution
		Debug|Any CPU = Debug|Any CPU
		Release|Any CPU = Release|Any CPU
	EndGlobalSection
	GlobalSection(ProjectConfigurationPlatforms) = postSolution
		{B4D261B7-BF55-4C26-ABFB-E68AF0A378F8}.Debug|Any CPU.ActiveCfg = Debug|Any CPU
		{B4D261B7-BF55-4C26-ABFB-E68AF0A378F8}.Debug|Any CPU.Build.0 = Debug|Any CPU
		{B4D261B7-BF55-4C26-ABFB-E68AF0A378F8}.Release|Any CPU.ActiveCfg = Release|Any CPU
		{B4D261B7-BF55-4C26-ABFB-E68AF0A378F8}.Release|Any CPU.Build.0 = Release|Any CPU
		{3FB5DF41-8F6B-42AF-9EF5-24169A7C34D9}.Debug|Any CPU.ActiveCfg = Debug|Any CPU
		{3FB5DF41-8F6B-42AF-9EF5-24169A7C34D9}.Debug|Any CPU.Build.0 = Debug|Any CPU
		{3FB5DF41-8F6B-42AF-9EF5-24169A7C34D9}.Release|Any CPU.ActiveCfg = Release|Any CPU
		{3FB5DF41-8F6B-42AF-9EF5-24169A7C34D9}.Release|Any CPU.Build.0 = Release|Any CPU
		{168245B5-1461-4A9D-9CDC-34A7EAD8212E}.Debug|Any CPU.ActiveCfg = Debug|Any CPU
		{168245B5-1461-4A9D-9CDC-34A7EAD8212E}.Debug|Any CPU.Build.0 = Debug|Any CPU
		{168245B5-1461-4A9D-9CDC-34A7EAD8212E}.Release|Any CPU.ActiveCfg = Release|Any CPU
		{168245B5-1461-4A9D-9CDC-34A7EAD8212E}.Release|Any CPU.Build.0 = Release|Any CPU
	EndGlobalSection
	GlobalSection(SolutionProperties) = preSolution
		HideSolutionNode = FALSE
	EndGlobalSection
	GlobalSection(ExtensibilityGlobals) = postSolution
		SolutionGuid = {83AE4D42-160A-4D8D-B7C5-214E57B5349C}
	EndGlobalSection
EndGlobal
